
Microsoft Visual Studio Solution File, Format Version 12.00
# Visual Studio Version 17
VisualStudioVersion = 17.6.33815.320
MinimumVisualStudioVersion = 10.0.40219.1
Project("{FAE04EC0-301F-11D3-BF4B-00C04F79EFBC}") = "FoodieFusion", "FoodieFusion\FoodieFusion.csproj", "{16AB0C65-F33B-449B-8122-9EE14DB575D0}"
EndProject
Global
	GlobalSection(SolutionConfigurationPlatforms) = preSolution
		Debug|Any CPU = Debug|Any CPU
		Release|Any CPU = Release|Any CPU
	EndGlobalSection
	GlobalSection(ProjectConfigurationPlatforms) = postSolution
		{16AB0C65-F33B-449B-8122-9EE14DB575D0}.Debug|Any CPU.ActiveCfg = Debug|Any CPU
		{16AB0C65-F33B-449B-8122-9EE14DB575D0}.Debug|Any CPU.Build.0 = Debug|Any CPU
		{16AB0C65-F33B-449B-8122-9EE14DB575D0}.Release|Any CPU.ActiveCfg = Release|Any CPU
		{16AB0C65-F33B-449B-8122-9EE14DB575D0}.Release|Any CPU.Build.0 = Release|Any CPU
	EndGlobalSection
	GlobalSection(SolutionProperties) = preSolution
		HideSolutionNode = FALSE
	EndGlobalSection
	GlobalSection(ExtensibilityGlobals) = postSolution
		SolutionGuid = {C31F05B5-58A5-47F3-B30E-A64616D0C94C}
	EndGlobalSection
EndGlobal
